
Microsoft Visual Studio Solution File, Format Version 12.00
# Visual Studio Version 17
VisualStudioVersion = 17.13.35931.197 d17.13
MinimumVisualStudioVersion = 10.0.40219.1
Project("{FAE04EC0-301F-11D3-BF4B-00C04F79EFBC}") = "Assignment4", "Assignment4\Assignment4.csproj", "{B81A804E-9CD1-4306-8711-F66BBBA327DF}"
EndProject
Global
	GlobalSection(SolutionConfigurationPlatforms) = preSolution
		Debug|Any CPU = Debug|Any CPU
		Release|Any CPU = Release|Any CPU
	EndGlobalSection
	GlobalSection(ProjectConfigurationPlatforms) = postSolution
		{B81A804E-9CD1-4306-8711-F66BBBA327DF}.Debug|Any CPU.ActiveCfg = Debug|Any CPU
		{B81A804E-9CD1-4306-8711-F66BBBA327DF}.Debug|Any CPU.Build.0 = Debug|Any CPU
		{B81A804E-9CD1-4306-8711-F66BBBA327DF}.Release|Any CPU.ActiveCfg = Release|Any CPU
		{B81A804E-9CD1-4306-8711-F66BBBA327DF}.Release|Any CPU.Build.0 = Release|Any CPU
	EndGlobalSection
	GlobalSection(SolutionProperties) = preSolution
		HideSolutionNode = FALSE
	EndGlobalSection
	GlobalSection(ExtensibilityGlobals) = postSolution
		SolutionGuid = {85BC2661-3322-4FC6-AA50-63968BD1C0C2}
	EndGlobalSection
EndGlobal
